// !$*UTF8*$!
{
	archiveVersion = 1;
	classes = {
	};
	objectVersion = 56;
	objects = {

/* Begin PBXBuildFile section */
		2D0E78F1296F01050020CDCF /* ChimeraApp.swift in Sources */ = {isa = PBXBuildFile; fileRef = 2D0E78F0296F01050020CDCF /* ChimeraApp.swift */; };
		2D0E78F3296F01050020CDCF /* ContentView.swift in Sources */ = {isa = PBXBuildFile; fileRef = 2D0E78F2296F01050020CDCF /* ContentView.swift */; };
		2D23694E2977240C00F5CCC3 /* MemorySearchToken.swift in Sources */ = {isa = PBXBuildFile; fileRef = 2D23694D2977240C00F5CCC3 /* MemorySearchToken.swift */; };
		2DBC894129799FE4009C41EA /* Assets.xcassets in Resources */ = {isa = PBXBuildFile; fileRef = 2D0E78F4296F01050020CDCF /* Assets.xcassets */; };
		2DBC894229799FEA009C41EA /* Preview Assets.xcassets in Resources */ = {isa = PBXBuildFile; fileRef = 2D0E78F8296F01050020CDCF /* Preview Assets.xcassets */; };
		2DBC8944297ADCA4009C41EA /* MediaDetailPreview.swift in Sources */ = {isa = PBXBuildFile; fileRef = 2DBC8943297ADCA4009C41EA /* MediaDetailPreview.swift */; };
		2DC5130529707DD9004958C0 /* MediaCard.swift in Sources */ = {isa = PBXBuildFile; fileRef = 2DC5130429707DD9004958C0 /* MediaCard.swift */; };
		2DC5130729707ECD004958C0 /* MediaGrid.swift in Sources */ = {isa = PBXBuildFile; fileRef = 2DC5130629707ECD004958C0 /* MediaGrid.swift */; };
		2DC5130929715FCD004958C0 /* MediaType.swift in Sources */ = {isa = PBXBuildFile; fileRef = 2DC5130829715FCD004958C0 /* MediaType.swift */; };
		2DC51311297176C8004958C0 /* VideoMemo.swift in Sources */ = {isa = PBXBuildFile; fileRef = 2DC51310297176C8004958C0 /* VideoMemo.swift */; };
		2DC51319297190A2004958C0 /* IMG_0684.mov in Resources */ = {isa = PBXBuildFile; fileRef = 2DC51318297190A2004958C0 /* IMG_0684.mov */; };
		2DC5131C2971A84D004958C0 /* Image.swift in Sources */ = {isa = PBXBuildFile; fileRef = 2DC5131B2971A84D004958C0 /* Image.swift */; };
		40529D8C297035AC006107BA /* MediaDetailView.swift in Sources */ = {isa = PBXBuildFile; fileRef = 40529D8B297035AC006107BA /* MediaDetailView.swift */; };
		40529D902970542D006107BA /* Violoncello - 33565.mp4 in Resources */ = {isa = PBXBuildFile; fileRef = 40529D8F29705429006107BA /* Violoncello - 33565.mp4 */; };
		40529D9229705F46006107BA /* Tamburellare - 5026.mp4 in Resources */ = {isa = PBXBuildFile; fileRef = 40529D9129705F43006107BA /* Tamburellare - 5026.mp4 */; };
		40F8128729799D90007A175D /* NSLocale.swift in Sources */ = {isa = PBXBuildFile; fileRef = 40F8128629799D90007A175D /* NSLocale.swift */; };
		40F812892979BB2C007A175D /* LocaleModel.swift in Sources */ = {isa = PBXBuildFile; fileRef = 40F812882979BB2C007A175D /* LocaleModel.swift */; };
		A91FB0032971921E0083DCAE /* AudioPlayerModel.swift in Sources */ = {isa = PBXBuildFile; fileRef = A91FB0022971921E0083DCAE /* AudioPlayerModel.swift */; };
		A91FB0052971AA6F0083DCAE /* 01-11-22_at_18_30_44.m4a in Resources */ = {isa = PBXBuildFile; fileRef = A91FB0042971AA6F0083DCAE /* 01-11-22_at_18_30_44.m4a */; };
		A91FB0072975B4D40083DCAE /* MemoriesView.swift in Sources */ = {isa = PBXBuildFile; fileRef = A91FB0062975B4D40083DCAE /* MemoriesView.swift */; };
		A91FB0092975E4C60083DCAE /* UpcomingView.swift in Sources */ = {isa = PBXBuildFile; fileRef = A91FB0082975E4C60083DCAE /* UpcomingView.swift */; };
		A91FB00B2975FBD60083DCAE /* AddUpcomingView.swift in Sources */ = {isa = PBXBuildFile; fileRef = A91FB00A2975FBD60083DCAE /* AddUpcomingView.swift */; };
		A91FB00D297605F00083DCAE /* AddUpcomingEventCard.swift in Sources */ = {isa = PBXBuildFile; fileRef = A91FB00C297605F00083DCAE /* AddUpcomingEventCard.swift */; };
		A91FB00F297853730083DCAE /* EventVM.swift in Sources */ = {isa = PBXBuildFile; fileRef = A91FB00E297853730083DCAE /* EventVM.swift */; };
		A91FB01229798A800083DCAE /* AddEventVM.swift in Sources */ = {isa = PBXBuildFile; fileRef = A91FB01129798A800083DCAE /* AddEventVM.swift */; };
		A91FB01429798D3B0083DCAE /* AddUpcomingTicketmasterView.swift in Sources */ = {isa = PBXBuildFile; fileRef = A91FB01329798D3B0083DCAE /* AddUpcomingTicketmasterView.swift */; };
		A91FB01629798EB00083DCAE /* AddUpcomingManuallyView.swift in Sources */ = {isa = PBXBuildFile; fileRef = A91FB01529798EB00083DCAE /* AddUpcomingManuallyView.swift */; };
		A9D5412A2970687C00C76CAF /* EventCard.swift in Sources */ = {isa = PBXBuildFile; fileRef = A9D541292970687C00C76CAF /* EventCard.swift */; };
		A9D5412C2970691200C76CAF /* EventModel.swift in Sources */ = {isa = PBXBuildFile; fileRef = A9D5412B2970691200C76CAF /* EventModel.swift */; };
		A9D5412E297069E600C76CAF /* EventList.swift in Sources */ = {isa = PBXBuildFile; fileRef = A9D5412D297069E600C76CAF /* EventList.swift */; };
		A9D5413029706A2A00C76CAF /* EventView.swift in Sources */ = {isa = PBXBuildFile; fileRef = A9D5412F29706A2A00C76CAF /* EventView.swift */; };
		A9D5413229706A6F00C76CAF /* VocalMemoRow.swift in Sources */ = {isa = PBXBuildFile; fileRef = A9D5413129706A6F00C76CAF /* VocalMemoRow.swift */; };
		A9D5413429706A8600C76CAF /* TextMemoRow.swift in Sources */ = {isa = PBXBuildFile; fileRef = A9D5413329706A8600C76CAF /* TextMemoRow.swift */; };
		A9D5413629706AB500C76CAF /* TextMemo.swift in Sources */ = {isa = PBXBuildFile; fileRef = A9D5413529706AB500C76CAF /* TextMemo.swift */; };
		BC92394E2979AE4600311613 /* CreateEventApiViewModel.swift in Sources */ = {isa = PBXBuildFile; fileRef = BC92394D2979AE4600311613 /* CreateEventApiViewModel.swift */; };
		BC9239502979AF3500311613 /* TicketMasterModel.swift in Sources */ = {isa = PBXBuildFile; fileRef = BC92394F2979AF3500311613 /* TicketMasterModel.swift */; };
		BCD6E29A296F10D1000B9B9B /* RecorderView.swift in Sources */ = {isa = PBXBuildFile; fileRef = BCD6E299296F10D1000B9B9B /* RecorderView.swift */; };
		BCD6E29C296F11BA000B9B9B /* RecorderViewModel.swift in Sources */ = {isa = PBXBuildFile; fileRef = BCD6E29B296F11BA000B9B9B /* RecorderViewModel.swift */; };
/* End PBXBuildFile section */

/* Begin PBXFileReference section */
		2D0E78ED296F01050020CDCF /* Chimera.app */ = {isa = PBXFileReference; explicitFileType = wrapper.application; includeInIndex = 0; path = Chimera.app; sourceTree = BUILT_PRODUCTS_DIR; };
		2D0E78F0296F01050020CDCF /* ChimeraApp.swift */ = {isa = PBXFileReference; lastKnownFileType = sourcecode.swift; path = ChimeraApp.swift; sourceTree = "<group>"; };
		2D0E78F2296F01050020CDCF /* ContentView.swift */ = {isa = PBXFileReference; lastKnownFileType = sourcecode.swift; path = ContentView.swift; sourceTree = "<group>"; };
		2D0E78F4296F01050020CDCF /* Assets.xcassets */ = {isa = PBXFileReference; lastKnownFileType = folder.assetcatalog; path = Assets.xcassets; sourceTree = "<group>"; };
		2D0E78F6296F01050020CDCF /* Chimera.entitlements */ = {isa = PBXFileReference; lastKnownFileType = text.plist.entitlements; path = Chimera.entitlements; sourceTree = "<group>"; };
		2D0E78F8296F01050020CDCF /* Preview Assets.xcassets */ = {isa = PBXFileReference; lastKnownFileType = folder.assetcatalog; path = "Preview Assets.xcassets"; sourceTree = "<group>"; };
		2D23694D2977240C00F5CCC3 /* MemorySearchToken.swift */ = {isa = PBXFileReference; lastKnownFileType = sourcecode.swift; path = MemorySearchToken.swift; sourceTree = "<group>"; };
		2DBC8943297ADCA4009C41EA /* MediaDetailPreview.swift */ = {isa = PBXFileReference; lastKnownFileType = sourcecode.swift; path = MediaDetailPreview.swift; sourceTree = "<group>"; };
		2DC5130429707DD9004958C0 /* MediaCard.swift */ = {isa = PBXFileReference; lastKnownFileType = sourcecode.swift; path = MediaCard.swift; sourceTree = "<group>"; };
		2DC5130629707ECD004958C0 /* MediaGrid.swift */ = {isa = PBXFileReference; lastKnownFileType = sourcecode.swift; path = MediaGrid.swift; sourceTree = "<group>"; };
		2DC5130829715FCD004958C0 /* MediaType.swift */ = {isa = PBXFileReference; lastKnownFileType = sourcecode.swift; path = MediaType.swift; sourceTree = "<group>"; };
		2DC51310297176C8004958C0 /* VideoMemo.swift */ = {isa = PBXFileReference; lastKnownFileType = sourcecode.swift; path = VideoMemo.swift; sourceTree = "<group>"; };
		2DC51318297190A2004958C0 /* IMG_0684.mov */ = {isa = PBXFileReference; lastKnownFileType = video.quicktime; path = IMG_0684.mov; sourceTree = "<group>"; };
		2DC5131B2971A84D004958C0 /* Image.swift */ = {isa = PBXFileReference; lastKnownFileType = sourcecode.swift; path = Image.swift; sourceTree = "<group>"; };
		40529D8B297035AC006107BA /* MediaDetailView.swift */ = {isa = PBXFileReference; lastKnownFileType = sourcecode.swift; path = MediaDetailView.swift; sourceTree = "<group>"; };
		40529D8F29705429006107BA /* Violoncello - 33565.mp4 */ = {isa = PBXFileReference; lastKnownFileType = file; path = "Violoncello - 33565.mp4"; sourceTree = "<group>"; };
		40529D9129705F43006107BA /* Tamburellare - 5026.mp4 */ = {isa = PBXFileReference; lastKnownFileType = file; path = "Tamburellare - 5026.mp4"; sourceTree = "<group>"; };
		40F8128629799D90007A175D /* NSLocale.swift */ = {isa = PBXFileReference; lastKnownFileType = sourcecode.swift; path = NSLocale.swift; sourceTree = "<group>"; };
		40F812882979BB2C007A175D /* LocaleModel.swift */ = {isa = PBXFileReference; lastKnownFileType = sourcecode.swift; path = LocaleModel.swift; sourceTree = "<group>"; };
		A91FB0022971921E0083DCAE /* AudioPlayerModel.swift */ = {isa = PBXFileReference; lastKnownFileType = sourcecode.swift; path = AudioPlayerModel.swift; sourceTree = "<group>"; };
		A91FB0042971AA6F0083DCAE /* 01-11-22_at_18_30_44.m4a */ = {isa = PBXFileReference; lastKnownFileType = file; path = "01-11-22_at_18_30_44.m4a"; sourceTree = "<group>"; };
		A91FB0062975B4D40083DCAE /* MemoriesView.swift */ = {isa = PBXFileReference; lastKnownFileType = sourcecode.swift; path = MemoriesView.swift; sourceTree = "<group>"; };
		A91FB0082975E4C60083DCAE /* UpcomingView.swift */ = {isa = PBXFileReference; lastKnownFileType = sourcecode.swift; path = UpcomingView.swift; sourceTree = "<group>"; };
		A91FB00A2975FBD60083DCAE /* AddUpcomingView.swift */ = {isa = PBXFileReference; lastKnownFileType = sourcecode.swift; path = AddUpcomingView.swift; sourceTree = "<group>"; };
		A91FB00C297605F00083DCAE /* AddUpcomingEventCard.swift */ = {isa = PBXFileReference; lastKnownFileType = sourcecode.swift; path = AddUpcomingEventCard.swift; sourceTree = "<group>"; };
		A91FB00E297853730083DCAE /* EventVM.swift */ = {isa = PBXFileReference; lastKnownFileType = sourcecode.swift; path = EventVM.swift; sourceTree = "<group>"; };
		A91FB01129798A800083DCAE /* AddEventVM.swift */ = {isa = PBXFileReference; lastKnownFileType = sourcecode.swift; path = AddEventVM.swift; sourceTree = "<group>"; };
		A91FB01329798D3B0083DCAE /* AddUpcomingTicketmasterView.swift */ = {isa = PBXFileReference; lastKnownFileType = sourcecode.swift; path = AddUpcomingTicketmasterView.swift; sourceTree = "<group>"; };
		A91FB01529798EB00083DCAE /* AddUpcomingManuallyView.swift */ = {isa = PBXFileReference; lastKnownFileType = sourcecode.swift; path = AddUpcomingManuallyView.swift; sourceTree = "<group>"; };
		A9D541292970687C00C76CAF /* EventCard.swift */ = {isa = PBXFileReference; lastKnownFileType = sourcecode.swift; path = EventCard.swift; sourceTree = "<group>"; };
		A9D5412B2970691200C76CAF /* EventModel.swift */ = {isa = PBXFileReference; lastKnownFileType = sourcecode.swift; path = EventModel.swift; sourceTree = "<group>"; };
		A9D5412D297069E600C76CAF /* EventList.swift */ = {isa = PBXFileReference; lastKnownFileType = sourcecode.swift; path = EventList.swift; sourceTree = "<group>"; };
		A9D5412F29706A2A00C76CAF /* EventView.swift */ = {isa = PBXFileReference; lastKnownFileType = sourcecode.swift; path = EventView.swift; sourceTree = "<group>"; };
		A9D5413129706A6F00C76CAF /* VocalMemoRow.swift */ = {isa = PBXFileReference; lastKnownFileType = sourcecode.swift; path = VocalMemoRow.swift; sourceTree = "<group>"; };
		A9D5413329706A8600C76CAF /* TextMemoRow.swift */ = {isa = PBXFileReference; lastKnownFileType = sourcecode.swift; path = TextMemoRow.swift; sourceTree = "<group>"; };
		A9D5413529706AB500C76CAF /* TextMemo.swift */ = {isa = PBXFileReference; lastKnownFileType = sourcecode.swift; path = TextMemo.swift; sourceTree = "<group>"; };
		BC59EA8A29704F130069F6CE /* Info.plist */ = {isa = PBXFileReference; lastKnownFileType = text.plist; path = Info.plist; sourceTree = "<group>"; };
		BC92394D2979AE4600311613 /* CreateEventApiViewModel.swift */ = {isa = PBXFileReference; lastKnownFileType = sourcecode.swift; path = CreateEventApiViewModel.swift; sourceTree = "<group>"; };
		BC92394F2979AF3500311613 /* TicketMasterModel.swift */ = {isa = PBXFileReference; fileEncoding = 4; lastKnownFileType = sourcecode.swift; path = TicketMasterModel.swift; sourceTree = "<group>"; };
		BCD6E299296F10D1000B9B9B /* RecorderView.swift */ = {isa = PBXFileReference; lastKnownFileType = sourcecode.swift; path = RecorderView.swift; sourceTree = "<group>"; };
		BCD6E29B296F11BA000B9B9B /* RecorderViewModel.swift */ = {isa = PBXFileReference; lastKnownFileType = sourcecode.swift; path = RecorderViewModel.swift; sourceTree = "<group>"; };
/* End PBXFileReference section */

/* Begin PBXFrameworksBuildPhase section */
		2D0E78EA296F01050020CDCF /* Frameworks */ = {
			isa = PBXFrameworksBuildPhase;
			buildActionMask = 2147483647;
			files = (
			);
			runOnlyForDeploymentPostprocessing = 0;
		};
/* End PBXFrameworksBuildPhase section */

/* Begin PBXGroup section */
		2D0E78E4296F01040020CDCF = {
			isa = PBXGroup;
			children = (
				2D0E78EF296F01050020CDCF /* Chimera */,
				2D0E78EE296F01050020CDCF /* Products */,
			);
			sourceTree = "<group>";
		};
		2D0E78EE296F01050020CDCF /* Products */ = {
			isa = PBXGroup;
			children = (
				2D0E78ED296F01050020CDCF /* Chimera.app */,
			);
			name = Products;
			sourceTree = "<group>";
		};
		2D0E78EF296F01050020CDCF /* Chimera */ = {
			isa = PBXGroup;
			children = (
				BC59EA8A29704F130069F6CE /* Info.plist */,
				2DC5131A2971A7FD004958C0 /* Extensions */,
				2DC51318297190A2004958C0 /* IMG_0684.mov */,
				A91FB01029798A5B0083DCAE /* ViewModels */,
				2D0E7904296F1A200020CDCF /* Components */,
				2D0E7903296F1A190020CDCF /* Models */,
				2D0E7902296F1A0D0020CDCF /* Views */,
				2D0E78F0296F01050020CDCF /* ChimeraApp.swift */,
				2D0E78F2296F01050020CDCF /* ContentView.swift */,
				BCD6E29B296F11BA000B9B9B /* RecorderViewModel.swift */,
				2D0E78F4296F01050020CDCF /* Assets.xcassets */,
				A91FB0042971AA6F0083DCAE /* 01-11-22_at_18_30_44.m4a */,
				40529D8F29705429006107BA /* Violoncello - 33565.mp4 */,
				40529D9129705F43006107BA /* Tamburellare - 5026.mp4 */,
				2D0E78F6296F01050020CDCF /* Chimera.entitlements */,
				2D0E78F7296F01050020CDCF /* Preview Content */,
			);
			path = Chimera;
			sourceTree = "<group>";
		};
		2D0E78F7296F01050020CDCF /* Preview Content */ = {
			isa = PBXGroup;
			children = (
				2D0E78F8296F01050020CDCF /* Preview Assets.xcassets */,
			);
			path = "Preview Content";
			sourceTree = "<group>";
		};
		2D0E7902296F1A0D0020CDCF /* Views */ = {
			isa = PBXGroup;
			children = (
				BCD6E299296F10D1000B9B9B /* RecorderView.swift */,
				A9D5412F29706A2A00C76CAF /* EventView.swift */,
				40529D8B297035AC006107BA /* MediaDetailView.swift */,
				A91FB00A2975FBD60083DCAE /* AddUpcomingView.swift */,
				A91FB01329798D3B0083DCAE /* AddUpcomingTicketmasterView.swift */,
				A91FB01529798EB00083DCAE /* AddUpcomingManuallyView.swift */,
				A91FB0062975B4D40083DCAE /* MemoriesView.swift */,
				A91FB0082975E4C60083DCAE /* UpcomingView.swift */,
			);
			path = Views;
			sourceTree = "<group>";
		};
		2D0E7903296F1A190020CDCF /* Models */ = {
			isa = PBXGroup;
			children = (
				BC92394F2979AF3500311613 /* TicketMasterModel.swift */,
				A9D5412B2970691200C76CAF /* EventModel.swift */,
				2DC5130829715FCD004958C0 /* MediaType.swift */,
				2DC51310297176C8004958C0 /* VideoMemo.swift */,
				A91FB0022971921E0083DCAE /* AudioPlayerModel.swift */,
				2D23694D2977240C00F5CCC3 /* MemorySearchToken.swift */,
				40F812882979BB2C007A175D /* LocaleModel.swift */,
			);
			path = Models;
			sourceTree = "<group>";
		};
		2D0E7904296F1A200020CDCF /* Components */ = {
			isa = PBXGroup;
			children = (
				A9D541292970687C00C76CAF /* EventCard.swift */,
				A91FB00C297605F00083DCAE /* AddUpcomingEventCard.swift */,
				A9D5413129706A6F00C76CAF /* VocalMemoRow.swift */,
				A9D5413329706A8600C76CAF /* TextMemoRow.swift */,
				A9D5413529706AB500C76CAF /* TextMemo.swift */,
				A9D5412D297069E600C76CAF /* EventList.swift */,
				2DC5130429707DD9004958C0 /* MediaCard.swift */,
				2DC5130629707ECD004958C0 /* MediaGrid.swift */,
				2DBC8943297ADCA4009C41EA /* MediaDetailPreview.swift */,
			);
			path = Components;
			sourceTree = "<group>";
		};
		2DC5131A2971A7FD004958C0 /* Extensions */ = {
			isa = PBXGroup;
			children = (
				2DC5131B2971A84D004958C0 /* Image.swift */,
				40F8128629799D90007A175D /* NSLocale.swift */,
			);
			path = Extensions;
			sourceTree = "<group>";
		};
		A91FB01029798A5B0083DCAE /* ViewModels */ = {
			isa = PBXGroup;
			children = (
				A91FB00E297853730083DCAE /* EventVM.swift */,
				A91FB01129798A800083DCAE /* AddEventVM.swift */,
				BC92394D2979AE4600311613 /* CreateEventApiViewModel.swift */,
			);
			path = ViewModels;
			sourceTree = "<group>";
		};
/* End PBXGroup section */

/* Begin PBXNativeTarget section */
		2D0E78EC296F01050020CDCF /* Chimera */ = {
			isa = PBXNativeTarget;
			buildConfigurationList = 2D0E78FC296F01050020CDCF /* Build configuration list for PBXNativeTarget "Chimera" */;
			buildPhases = (
				2D0E78E9296F01050020CDCF /* Sources */,
				2D0E78EA296F01050020CDCF /* Frameworks */,
				2D0E78EB296F01050020CDCF /* Resources */,
				BC8F03FD298021820079716F /* ShellScript */,
			);
			buildRules = (
			);
			dependencies = (
			);
			name = Chimera;
			productName = Chimera;
			productReference = 2D0E78ED296F01050020CDCF /* Chimera.app */;
			productType = "com.apple.product-type.application";
		};
/* End PBXNativeTarget section */

/* Begin PBXProject section */
		2D0E78E5296F01040020CDCF /* Project object */ = {
			isa = PBXProject;
			attributes = {
				BuildIndependentTargetsInParallel = 1;
				LastSwiftUpdateCheck = 1420;
				LastUpgradeCheck = 1420;
				TargetAttributes = {
					2D0E78EC296F01050020CDCF = {
						CreatedOnToolsVersion = 14.2;
					};
				};
			};
			buildConfigurationList = 2D0E78E8296F01040020CDCF /* Build configuration list for PBXProject "Chimera" */;
			compatibilityVersion = "Xcode 14.0";
			developmentRegion = en;
			hasScannedForEncodings = 0;
			knownRegions = (
				en,
				Base,
			);
			mainGroup = 2D0E78E4296F01040020CDCF;
			productRefGroup = 2D0E78EE296F01050020CDCF /* Products */;
			projectDirPath = "";
			projectRoot = "";
			targets = (
				2D0E78EC296F01050020CDCF /* Chimera */,
			);
		};
/* End PBXProject section */

/* Begin PBXResourcesBuildPhase section */
		2D0E78EB296F01050020CDCF /* Resources */ = {
			isa = PBXResourcesBuildPhase;
			buildActionMask = 2147483647;
			files = (
				2DBC894229799FEA009C41EA /* Preview Assets.xcassets in Resources */,
				2DBC894129799FE4009C41EA /* Assets.xcassets in Resources */,
				2DC51319297190A2004958C0 /* IMG_0684.mov in Resources */,
				A91FB0052971AA6F0083DCAE /* 01-11-22_at_18_30_44.m4a in Resources */,
				40529D9229705F46006107BA /* Tamburellare - 5026.mp4 in Resources */,
				40529D902970542D006107BA /* Violoncello - 33565.mp4 in Resources */,
			);
			runOnlyForDeploymentPostprocessing = 0;
		};
/* End PBXResourcesBuildPhase section */

/* Begin PBXShellScriptBuildPhase section */
		BC8F03FD298021820079716F /* ShellScript */ = {
			isa = PBXShellScriptBuildPhase;
			alwaysOutOfDate = 1;
			buildActionMask = 2147483647;
			files = (
			);
			inputFileListPaths = (
			);
			inputPaths = (
			);
			outputFileListPaths = (
			);
			outputPaths = (
			);
			runOnlyForDeploymentPostprocessing = 0;
			shellPath = /bin/sh;
			shellScript = "export PATH=\"$PATH:/opt/homebrew/bin\"\nif which swiftlint > /dev/null; then\n  swiftlint --fix && swiftlint\nelse\n  echo \"warning: SwiftLint not installed, download from https://github.com/realm/SwiftLint\"\nfi\n";
		};
/* End PBXShellScriptBuildPhase section */

/* Begin PBXSourcesBuildPhase section */
		2D0E78E9296F01050020CDCF /* Sources */ = {
			isa = PBXSourcesBuildPhase;
			buildActionMask = 2147483647;
			files = (
				2DBC8944297ADCA4009C41EA /* MediaDetailPreview.swift in Sources */,
				BCD6E29C296F11BA000B9B9B /* RecorderViewModel.swift in Sources */,
				A91FB01229798A800083DCAE /* AddEventVM.swift in Sources */,
				BCD6E29A296F10D1000B9B9B /* RecorderView.swift in Sources */,
				2D23694E2977240C00F5CCC3 /* MemorySearchToken.swift in Sources */,
				A91FB01629798EB00083DCAE /* AddUpcomingManuallyView.swift in Sources */,
				A91FB0092975E4C60083DCAE /* UpcomingView.swift in Sources */,
				A91FB01429798D3B0083DCAE /* AddUpcomingTicketmasterView.swift in Sources */,
				2DC5130929715FCD004958C0 /* MediaType.swift in Sources */,
				2DC5130729707ECD004958C0 /* MediaGrid.swift in Sources */,
				40F8128729799D90007A175D /* NSLocale.swift in Sources */,
				2DC5130529707DD9004958C0 /* MediaCard.swift in Sources */,
				BC92394E2979AE4600311613 /* CreateEventApiViewModel.swift in Sources */,
				40529D8C297035AC006107BA /* MediaDetailView.swift in Sources */,
				A91FB00D297605F00083DCAE /* AddUpcomingEventCard.swift in Sources */,
				2D0E78F3296F01050020CDCF /* ContentView.swift in Sources */,
				A9D5412A2970687C00C76CAF /* EventCard.swift in Sources */,
				A9D5413229706A6F00C76CAF /* VocalMemoRow.swift in Sources */,
				40F812892979BB2C007A175D /* LocaleModel.swift in Sources */,
				A9D5412C2970691200C76CAF /* EventModel.swift in Sources */,
				A9D5413629706AB500C76CAF /* TextMemo.swift in Sources */,
				A9D5413029706A2A00C76CAF /* EventView.swift in Sources */,
				A91FB0072975B4D40083DCAE /* MemoriesView.swift in Sources */,
				A9D5412E297069E600C76CAF /* EventList.swift in Sources */,
				2DC51311297176C8004958C0 /* VideoMemo.swift in Sources */,
				2DC5131C2971A84D004958C0 /* Image.swift in Sources */,
				2D0E78F1296F01050020CDCF /* ChimeraApp.swift in Sources */,
				BC9239502979AF3500311613 /* TicketMasterModel.swift in Sources */,
				A91FB00B2975FBD60083DCAE /* AddUpcomingView.swift in Sources */,
				A9D5413429706A8600C76CAF /* TextMemoRow.swift in Sources */,
				A91FB00F297853730083DCAE /* EventVM.swift in Sources */,
				A91FB0032971921E0083DCAE /* AudioPlayerModel.swift in Sources */,
			);
			runOnlyForDeploymentPostprocessing = 0;
		};
/* End PBXSourcesBuildPhase section */

/* Begin XCBuildConfiguration section */
		2D0E78FA296F01050020CDCF /* Debug */ = {
			isa = XCBuildConfiguration;
			buildSettings = {
				ALWAYS_SEARCH_USER_PATHS = NO;
				CLANG_ANALYZER_NONNULL = YES;
				CLANG_ANALYZER_NUMBER_OBJECT_CONVERSION = YES_AGGRESSIVE;
				CLANG_CXX_LANGUAGE_STANDARD = "gnu++20";
				CLANG_ENABLE_MODULES = YES;
				CLANG_ENABLE_OBJC_ARC = YES;
				CLANG_ENABLE_OBJC_WEAK = YES;
				CLANG_WARN_BLOCK_CAPTURE_AUTORELEASING = YES;
				CLANG_WARN_BOOL_CONVERSION = YES;
				CLANG_WARN_COMMA = YES;
				CLANG_WARN_CONSTANT_CONVERSION = YES;
				CLANG_WARN_DEPRECATED_OBJC_IMPLEMENTATIONS = YES;
				CLANG_WARN_DIRECT_OBJC_ISA_USAGE = YES_ERROR;
				CLANG_WARN_DOCUMENTATION_COMMENTS = YES;
				CLANG_WARN_EMPTY_BODY = YES;
				CLANG_WARN_ENUM_CONVERSION = YES;
				CLANG_WARN_INFINITE_RECURSION = YES;
				CLANG_WARN_INT_CONVERSION = YES;
				CLANG_WARN_NON_LITERAL_NULL_CONVERSION = YES;
				CLANG_WARN_OBJC_IMPLICIT_RETAIN_SELF = YES;
				CLANG_WARN_OBJC_LITERAL_CONVERSION = YES;
				CLANG_WARN_OBJC_ROOT_CLASS = YES_ERROR;
				CLANG_WARN_QUOTED_INCLUDE_IN_FRAMEWORK_HEADER = YES;
				CLANG_WARN_RANGE_LOOP_ANALYSIS = YES;
				CLANG_WARN_STRICT_PROTOTYPES = YES;
				CLANG_WARN_SUSPICIOUS_MOVE = YES;
				CLANG_WARN_UNGUARDED_AVAILABILITY = YES_AGGRESSIVE;
				CLANG_WARN_UNREACHABLE_CODE = YES;
				CLANG_WARN__DUPLICATE_METHOD_MATCH = YES;
				COPY_PHASE_STRIP = NO;
				DEBUG_INFORMATION_FORMAT = dwarf;
				ENABLE_STRICT_OBJC_MSGSEND = YES;
				ENABLE_TESTABILITY = YES;
				GCC_C_LANGUAGE_STANDARD = gnu11;
				GCC_DYNAMIC_NO_PIC = NO;
				GCC_NO_COMMON_BLOCKS = YES;
				GCC_OPTIMIZATION_LEVEL = 0;
				GCC_PREPROCESSOR_DEFINITIONS = (
					"DEBUG=1",
					"$(inherited)",
				);
				GCC_WARN_64_TO_32_BIT_CONVERSION = YES;
				GCC_WARN_ABOUT_RETURN_TYPE = YES_ERROR;
				GCC_WARN_UNDECLARED_SELECTOR = YES;
				GCC_WARN_UNINITIALIZED_AUTOS = YES_AGGRESSIVE;
				GCC_WARN_UNUSED_FUNCTION = YES;
				GCC_WARN_UNUSED_VARIABLE = YES;
				MTL_ENABLE_DEBUG_INFO = INCLUDE_SOURCE;
				MTL_FAST_MATH = YES;
				ONLY_ACTIVE_ARCH = YES;
				SWIFT_ACTIVE_COMPILATION_CONDITIONS = DEBUG;
				SWIFT_OPTIMIZATION_LEVEL = "-Onone";
			};
			name = Debug;
		};
		2D0E78FB296F01050020CDCF /* Release */ = {
			isa = XCBuildConfiguration;
			buildSettings = {
				ALWAYS_SEARCH_USER_PATHS = NO;
				CLANG_ANALYZER_NONNULL = YES;
				CLANG_ANALYZER_NUMBER_OBJECT_CONVERSION = YES_AGGRESSIVE;
				CLANG_CXX_LANGUAGE_STANDARD = "gnu++20";
				CLANG_ENABLE_MODULES = YES;
				CLANG_ENABLE_OBJC_ARC = YES;
				CLANG_ENABLE_OBJC_WEAK = YES;
				CLANG_WARN_BLOCK_CAPTURE_AUTORELEASING = YES;
				CLANG_WARN_BOOL_CONVERSION = YES;
				CLANG_WARN_COMMA = YES;
				CLANG_WARN_CONSTANT_CONVERSION = YES;
				CLANG_WARN_DEPRECATED_OBJC_IMPLEMENTATIONS = YES;
				CLANG_WARN_DIRECT_OBJC_ISA_USAGE = YES_ERROR;
				CLANG_WARN_DOCUMENTATION_COMMENTS = YES;
				CLANG_WARN_EMPTY_BODY = YES;
				CLANG_WARN_ENUM_CONVERSION = YES;
				CLANG_WARN_INFINITE_RECURSION = YES;
				CLANG_WARN_INT_CONVERSION = YES;
				CLANG_WARN_NON_LITERAL_NULL_CONVERSION = YES;
				CLANG_WARN_OBJC_IMPLICIT_RETAIN_SELF = YES;
				CLANG_WARN_OBJC_LITERAL_CONVERSION = YES;
				CLANG_WARN_OBJC_ROOT_CLASS = YES_ERROR;
				CLANG_WARN_QUOTED_INCLUDE_IN_FRAMEWORK_HEADER = YES;
				CLANG_WARN_RANGE_LOOP_ANALYSIS = YES;
				CLANG_WARN_STRICT_PROTOTYPES = YES;
				CLANG_WARN_SUSPICIOUS_MOVE = YES;
				CLANG_WARN_UNGUARDED_AVAILABILITY = YES_AGGRESSIVE;
				CLANG_WARN_UNREACHABLE_CODE = YES;
				CLANG_WARN__DUPLICATE_METHOD_MATCH = YES;
				COPY_PHASE_STRIP = NO;
				DEBUG_INFORMATION_FORMAT = "dwarf-with-dsym";
				ENABLE_NS_ASSERTIONS = NO;
				ENABLE_STRICT_OBJC_MSGSEND = YES;
				GCC_C_LANGUAGE_STANDARD = gnu11;
				GCC_NO_COMMON_BLOCKS = YES;
				GCC_WARN_64_TO_32_BIT_CONVERSION = YES;
				GCC_WARN_ABOUT_RETURN_TYPE = YES_ERROR;
				GCC_WARN_UNDECLARED_SELECTOR = YES;
				GCC_WARN_UNINITIALIZED_AUTOS = YES_AGGRESSIVE;
				GCC_WARN_UNUSED_FUNCTION = YES;
				GCC_WARN_UNUSED_VARIABLE = YES;
				MTL_ENABLE_DEBUG_INFO = NO;
				MTL_FAST_MATH = YES;
				SWIFT_COMPILATION_MODE = wholemodule;
				SWIFT_OPTIMIZATION_LEVEL = "-O";
			};
			name = Release;
		};
		2D0E78FD296F01050020CDCF /* Debug */ = {
			isa = XCBuildConfiguration;
			buildSettings = {
				ASSETCATALOG_COMPILER_APPICON_NAME = AppIcon;
				ASSETCATALOG_COMPILER_GLOBAL_ACCENT_COLOR_NAME = AccentColor;
				CODE_SIGN_ENTITLEMENTS = Chimera/Chimera.entitlements;
				CODE_SIGN_STYLE = Automatic;
				CURRENT_PROJECT_VERSION = 1;
				DEVELOPMENT_ASSET_PATHS = "\"Chimera/Preview Content\"";
				DEVELOPMENT_TEAM = A8DRB9NKCV;
				ENABLE_HARDENED_RUNTIME = YES;
				ENABLE_PREVIEWS = YES;
				GENERATE_INFOPLIST_FILE = YES;
				INFOPLIST_FILE = Chimera/Info.plist;
				"INFOPLIST_KEY_UIApplicationSceneManifest_Generation[sdk=iphoneos*]" = YES;
				"INFOPLIST_KEY_UIApplicationSceneManifest_Generation[sdk=iphonesimulator*]" = YES;
				"INFOPLIST_KEY_UIApplicationSupportsIndirectInputEvents[sdk=iphoneos*]" = YES;
				"INFOPLIST_KEY_UIApplicationSupportsIndirectInputEvents[sdk=iphonesimulator*]" = YES;
				"INFOPLIST_KEY_UILaunchScreen_Generation[sdk=iphoneos*]" = YES;
				"INFOPLIST_KEY_UILaunchScreen_Generation[sdk=iphonesimulator*]" = YES;
				"INFOPLIST_KEY_UIStatusBarStyle[sdk=iphoneos*]" = UIStatusBarStyleDefault;
				"INFOPLIST_KEY_UIStatusBarStyle[sdk=iphonesimulator*]" = UIStatusBarStyleDefault;
				INFOPLIST_KEY_UISupportedInterfaceOrientations_iPad = "UIInterfaceOrientationPortrait UIInterfaceOrientationPortraitUpsideDown UIInterfaceOrientationLandscapeLeft UIInterfaceOrientationLandscapeRight";
				INFOPLIST_KEY_UISupportedInterfaceOrientations_iPhone = "UIInterfaceOrientationPortrait UIInterfaceOrientationLandscapeLeft UIInterfaceOrientationLandscapeRight";
				IPHONEOS_DEPLOYMENT_TARGET = 16.1;
				LD_RUNPATH_SEARCH_PATHS = "@executable_path/Frameworks";
				"LD_RUNPATH_SEARCH_PATHS[sdk=macosx*]" = "@executable_path/../Frameworks";
				MACOSX_DEPLOYMENT_TARGET = 13.1;
				MARKETING_VERSION = 0.0.1;
				PRODUCT_BUNDLE_IDENTIFIER = com.SwiftLens.Chimera;
				PRODUCT_NAME = "$(TARGET_NAME)";
				SDKROOT = auto;
				SUPPORTED_PLATFORMS = "iphoneos iphonesimulator macosx";
				SWIFT_EMIT_LOC_STRINGS = YES;
				SWIFT_VERSION = 5.0;
				TARGETED_DEVICE_FAMILY = "1,2";
			};
			name = Debug;
		};
		2D0E78FE296F01050020CDCF /* Release */ = {
			isa = XCBuildConfiguration;
			buildSettings = {
				ASSETCATALOG_COMPILER_APPICON_NAME = AppIcon;
				ASSETCATALOG_COMPILER_GLOBAL_ACCENT_COLOR_NAME = AccentColor;
				CODE_SIGN_ENTITLEMENTS = Chimera/Chimera.entitlements;
				CODE_SIGN_STYLE = Automatic;
				CURRENT_PROJECT_VERSION = 1;
				DEVELOPMENT_ASSET_PATHS = "\"Chimera/Preview Content\"";
				DEVELOPMENT_TEAM = A8DRB9NKCV;
				ENABLE_HARDENED_RUNTIME = YES;
				ENABLE_PREVIEWS = YES;
				GENERATE_INFOPLIST_FILE = YES;
				INFOPLIST_FILE = Chimera/Info.plist;
				"INFOPLIST_KEY_UIApplicationSceneManifest_Generation[sdk=iphoneos*]" = YES;
				"INFOPLIST_KEY_UIApplicationSceneManifest_Generation[sdk=iphonesimulator*]" = YES;
				"INFOPLIST_KEY_UIApplicationSupportsIndirectInputEvents[sdk=iphoneos*]" = YES;
				"INFOPLIST_KEY_UIApplicationSupportsIndirectInputEvents[sdk=iphonesimulator*]" = YES;
				"INFOPLIST_KEY_UILaunchScreen_Generation[sdk=iphoneos*]" = YES;
				"INFOPLIST_KEY_UILaunchScreen_Generation[sdk=iphonesimulator*]" = YES;
				"INFOPLIST_KEY_UIStatusBarStyle[sdk=iphoneos*]" = UIStatusBarStyleDefault;
				"INFOPLIST_KEY_UIStatusBarStyle[sdk=iphonesimulator*]" = UIStatusBarStyleDefault;
				INFOPLIST_KEY_UISupportedInterfaceOrientations_iPad = "UIInterfaceOrientationPortrait UIInterfaceOrientationPortraitUpsideDown UIInterfaceOrientationLandscapeLeft UIInterfaceOrientationLandscapeRight";
				INFOPLIST_KEY_UISupportedInterfaceOrientations_iPhone = "UIInterfaceOrientationPortrait UIInterfaceOrientationLandscapeLeft UIInterfaceOrientationLandscapeRight";
				IPHONEOS_DEPLOYMENT_TARGET = 16.1;
				LD_RUNPATH_SEARCH_PATHS = "@executable_path/Frameworks";
				"LD_RUNPATH_SEARCH_PATHS[sdk=macosx*]" = "@executable_path/../Frameworks";
				MACOSX_DEPLOYMENT_TARGET = 13.1;
				MARKETING_VERSION = 0.0.1;
				PRODUCT_BUNDLE_IDENTIFIER = com.SwiftLens.Chimera;
				PRODUCT_NAME = "$(TARGET_NAME)";
				SDKROOT = auto;
				SUPPORTED_PLATFORMS = "iphoneos iphonesimulator macosx";
				SWIFT_EMIT_LOC_STRINGS = YES;
				SWIFT_VERSION = 5.0;
				TARGETED_DEVICE_FAMILY = "1,2";
			};
			name = Release;
		};
/* End XCBuildConfiguration section */

/* Begin XCConfigurationList section */
		2D0E78E8296F01040020CDCF /* Build configuration list for PBXProject "Chimera" */ = {
			isa = XCConfigurationList;
			buildConfigurations = (
				2D0E78FA296F01050020CDCF /* Debug */,
				2D0E78FB296F01050020CDCF /* Release */,
			);
			defaultConfigurationIsVisible = 0;
			defaultConfigurationName = Release;
		};
		2D0E78FC296F01050020CDCF /* Build configuration list for PBXNativeTarget "Chimera" */ = {
			isa = XCConfigurationList;
			buildConfigurations = (
				2D0E78FD296F01050020CDCF /* Debug */,
				2D0E78FE296F01050020CDCF /* Release */,
			);
			defaultConfigurationIsVisible = 0;
			defaultConfigurationName = Release;
		};
/* End XCConfigurationList section */
	};
	rootObject = 2D0E78E5296F01040020CDCF /* Project object */;
}
